// !$*UTF8*$!
{
	archiveVersion = 1;
	classes = {
	};
	objectVersion = 77;
	objects = {

/* Begin PBXBuildFile section */
		3307D9A52F8280B600ED213E /* FirebaseAI in Frameworks */ = {isa = PBXBuildFile; productRef = 3307D9A42F8280B600ED213E /* FirebaseAI */; };
		3307D9A72F8280B600ED213E /* FirebaseAILogic in Frameworks */ = {isa = PBXBuildFile; productRef = 3307D9A62F8280B600ED213E /* FirebaseAILogic */; };
		3307D9A92F8280B600ED213E /* FirebaseAnalytics in Frameworks */ = {isa = PBXBuildFile; productRef = 3307D9A82F8280B600ED213E /* FirebaseAnalytics */; };
		3307D9AB2F8280B600ED213E /* FirebaseAnalyticsCore in Frameworks */ = {isa = PBXBuildFile; productRef = 3307D9AA2F8280B600ED213E /* FirebaseAnalyticsCore */; };
		3307D9AD2F8280B600ED213E /* FirebaseAnalyticsIdentitySupport in Frameworks */ = {isa = PBXBuildFile; productRef = 3307D9AC2F8280B600ED213E /* FirebaseAnalyticsIdentitySupport */; };
		3307D9B12F8280B600ED213E /* FirebaseAppDistribution-Beta in Frameworks */ = {isa = PBXBuildFile; productRef = 3307D9B02F8280B600ED213E /* FirebaseAppDistribution-Beta */; };
		3307D9B32F8280B600ED213E /* FirebaseAuth in Frameworks */ = {isa = PBXBuildFile; productRef = 3307D9B22F8280B600ED213E /* FirebaseAuth */; };
		3307D9B52F8280B600ED213E /* FirebaseAuthCombine-Community in Frameworks */ = {isa = PBXBuildFile; productRef = 3307D9B42F8280B600ED213E /* FirebaseAuthCombine-Community */; };
		3307D9B72F8280B600ED213E /* FirebaseCore in Frameworks */ = {isa = PBXBuildFile; productRef = 3307D9B62F8280B600ED213E /* FirebaseCore */; };
		3307D9B92F8280B600ED213E /* FirebaseCrashlytics in Frameworks */ = {isa = PBXBuildFile; productRef = 3307D9B82F8280B600ED213E /* FirebaseCrashlytics */; };
		3307D9BB2F8280B600ED213E /* FirebaseDatabase in Frameworks */ = {isa = PBXBuildFile; productRef = 3307D9BA2F8280B600ED213E /* FirebaseDatabase */; };
		3307D9BD2F8280B600ED213E /* FirebaseFirestore in Frameworks */ = {isa = PBXBuildFile; productRef = 3307D9BC2F8280B600ED213E /* FirebaseFirestore */; };
		3307D9BF2F8280B600ED213E /* FirebaseFirestoreCombine-Community in Frameworks */ = {isa = PBXBuildFile; productRef = 3307D9BE2F8280B600ED213E /* FirebaseFirestoreCombine-Community */; };
		3307D9C12F8280B600ED213E /* FirebaseFunctions in Frameworks */ = {isa = PBXBuildFile; productRef = 3307D9C02F8280B600ED213E /* FirebaseFunctions */; };
		3307D9C32F8280B600ED213E /* FirebaseFunctionsCombine-Community in Frameworks */ = {isa = PBXBuildFile; productRef = 3307D9C22F8280B600ED213E /* FirebaseFunctionsCombine-Community */; };
		3307D9C52F8280B600ED213E /* FirebaseInAppMessaging-Beta in Frameworks */ = {isa = PBXBuildFile; productRef = 3307D9C42F8280B600ED213E /* FirebaseInAppMessaging-Beta */; };
		3307D9C72F8280B600ED213E /* FirebaseInstallations in Frameworks */ = {isa = PBXBuildFile; productRef = 3307D9C62F8280B600ED213E /* FirebaseInstallations */; };
		3307D9C92F8280B600ED213E /* FirebaseMessaging in Frameworks */ = {isa = PBXBuildFile; productRef = 3307D9C82F8280B600ED213E /* FirebaseMessaging */; };
		3307D9CB2F8280B600ED213E /* FirebaseMLModelDownloader in Frameworks */ = {isa = PBXBuildFile; productRef = 3307D9CA2F8280B600ED213E /* FirebaseMLModelDownloader */; };
		3307D9CD2F8280B600ED213E /* FirebasePerformance in Frameworks */ = {isa = PBXBuildFile; productRef = 3307D9CC2F8280B600ED213E /* FirebasePerformance */; };
		3307D9CF2F8280B600ED213E /* FirebaseRemoteConfig in Frameworks */ = {isa = PBXBuildFile; productRef = 3307D9CE2F8280B600ED213E /* FirebaseRemoteConfig */; };
		3307D9D12F8280B600ED213E /* FirebaseStorage in Frameworks */ = {isa = PBXBuildFile; productRef = 3307D9D02F8280B600ED213E /* FirebaseStorage */; };
		3307D9D32F8280B600ED213E /* FirebaseStorageCombine-Community in Frameworks */ = {isa = PBXBuildFile; productRef = 3307D9D22F8280B600ED213E /* FirebaseStorageCombine-Community */; };
		33AB9F872F9161CF000CE0F9 /* GoogleSignIn in Frameworks */ = {isa = PBXBuildFile; productRef = 33AB9F862F9161CF000CE0F9 /* GoogleSignIn */; };
		33AB9F892F9161CF000CE0F9 /* GoogleSignInSwift in Frameworks */ = {isa = PBXBuildFile; productRef = 33AB9F882F9161CF000CE0F9 /* GoogleSignInSwift */; };
/* End PBXBuildFile section */

/* Begin PBXContainerItemProxy section */
		3319DB182F7CB888000A3BD3 /* PBXContainerItemProxy */ = {
			isa = PBXContainerItemProxy;
			containerPortal = 3319DB022F7CB886000A3BD3 /* Project object */;
			proxyType = 1;
			remoteGlobalIDString = 3319DB092F7CB886000A3BD3;
			remoteInfo = Kuppiya;
		};
		3319DB222F7CB888000A3BD3 /* PBXContainerItemProxy */ = {
			isa = PBXContainerItemProxy;
			containerPortal = 3319DB022F7CB886000A3BD3 /* Project object */;
			proxyType = 1;
			remoteGlobalIDString = 3319DB092F7CB886000A3BD3;
			remoteInfo = Kuppiya;
		};
/* End PBXContainerItemProxy section */

/* Begin PBXFileReference section */
		3319DB0A2F7CB886000A3BD3 /* Kuppiya.app */ = {isa = PBXFileReference; explicitFileType = wrapper.application; includeInIndex = 0; path = Kuppiya.app; sourceTree = BUILT_PRODUCTS_DIR; };
		3319DB172F7CB888000A3BD3 /* KuppiyaTests.xctest */ = {isa = PBXFileReference; explicitFileType = wrapper.cfbundle; includeInIndex = 0; path = KuppiyaTests.xctest; sourceTree = BUILT_PRODUCTS_DIR; };
		3319DB212F7CB888000A3BD3 /* KuppiyaUITests.xctest */ = {isa = PBXFileReference; explicitFileType = wrapper.cfbundle; includeInIndex = 0; path = KuppiyaUITests.xctest; sourceTree = BUILT_PRODUCTS_DIR; };
/* End PBXFileReference section */

/* Begin PBXFileSystemSynchronizedBuildFileExceptionSet section */
		339FECC52FA2313F00D29D8E /* Exceptions for "Kuppiya" folder in "Kuppiya" target */ = {
			isa = PBXFileSystemSynchronizedBuildFileExceptionSet;
			membershipExceptions = (
				Resources/Info.plist,
			);
			target = 3319DB092F7CB886000A3BD3 /* Kuppiya */;
		};
/* End PBXFileSystemSynchronizedBuildFileExceptionSet section */

/* Begin PBXFileSystemSynchronizedRootGroup section */
		3319DB0C2F7CB886000A3BD3 /* Kuppiya */ = {
			isa = PBXFileSystemSynchronizedRootGroup;
			exceptions = (
				339FECC52FA2313F00D29D8E /* Exceptions for "Kuppiya" folder in "Kuppiya" target */,
			);
			path = Kuppiya;
			sourceTree = "<group>";
		};
		3319DB1A2F7CB888000A3BD3 /* KuppiyaTests */ = {
			isa = PBXFileSystemSynchronizedRootGroup;
			path = KuppiyaTests;
			sourceTree = "<group>";
		};
		3319DB242F7CB888000A3BD3 /* KuppiyaUITests */ = {
			isa = PBXFileSystemSynchronizedRootGroup;
			path = KuppiyaUITests;
			sourceTree = "<group>";
		};
/* End PBXFileSystemSynchronizedRootGroup section */

/* Begin PBXFrameworksBuildPhase section */
		3319DB072F7CB886000A3BD3 /* Frameworks */ = {
			isa = PBXFrameworksBuildPhase;
			buildActionMask = 2147483647;
			files = (
				3307D9B12F8280B600ED213E /* FirebaseAppDistribution-Beta in Frameworks */,
				3307D9BD2F8280B600ED213E /* FirebaseFirestore in Frameworks */,
				3307D9B52F8280B600ED213E /* FirebaseAuthCombine-Community in Frameworks */,
				3307D9C72F8280B600ED213E /* FirebaseInstallations in Frameworks */,
				3307D9A72F8280B600ED213E /* FirebaseAILogic in Frameworks */,
				33AB9F892F9161CF000CE0F9 /* GoogleSignInSwift in Frameworks */,
				3307D9AD2F8280B600ED213E /* FirebaseAnalyticsIdentitySupport in Frameworks */,
				3307D9C52F8280B600ED213E /* FirebaseInAppMessaging-Beta in Frameworks */,
				3307D9CB2F8280B600ED213E /* FirebaseMLModelDownloader in Frameworks */,
				3307D9A52F8280B600ED213E /* FirebaseAI in Frameworks */,
				3307D9C92F8280B600ED213E /* FirebaseMessaging in Frameworks */,
				3307D9D32F8280B600ED213E /* FirebaseStorageCombine-Community in Frameworks */,
				3307D9B92F8280B600ED213E /* FirebaseCrashlytics in Frameworks */,
				3307D9D12F8280B600ED213E /* FirebaseStorage in Frameworks */,
				3307D9CF2F8280B600ED213E /* FirebaseRemoteConfig in Frameworks */,
				3307D9C32F8280B600ED213E /* FirebaseFunctionsCombine-Community in Frameworks */,
				33AB9F872F9161CF000CE0F9 /* GoogleSignIn in Frameworks */,
				3307D9BB2F8280B600ED213E /* FirebaseDatabase in Frameworks */,
				3307D9A92F8280B600ED213E /* FirebaseAnalytics in Frameworks */,
				3307D9CD2F8280B600ED213E /* FirebasePerformance in Frameworks */,
				3307D9B72F8280B600ED213E /* FirebaseCore in Frameworks */,
				3307D9AB2F8280B600ED213E /* FirebaseAnalyticsCore in Frameworks */,
				3307D9C12F8280B600ED213E /* FirebaseFunctions in Frameworks */,
				3307D9B32F8280B600ED213E /* FirebaseAuth in Frameworks */,
				3307D9BF2F8280B600ED213E /* FirebaseFirestoreCombine-Community in Frameworks */,
			);
			runOnlyForDeploymentPostprocessing = 0;
		};
		3319DB142F7CB888000A3BD3 /* Frameworks */ = {
			isa = PBXFrameworksBuildPhase;
			buildActionMask = 2147483647;
			files = (
			);
			runOnlyForDeploymentPostprocessing = 0;
		};
		3319DB1E2F7CB888000A3BD3 /* Frameworks */ = {
			isa = PBXFrameworksBuildPhase;
			buildActionMask = 2147483647;
			files = (
			);
			runOnlyForDeploymentPostprocessing = 0;
		};
/* End PBXFrameworksBuildPhase section */

/* Begin PBXGroup section */
		3307D9A32F8280B600ED213E /* Frameworks */ = {
			isa = PBXGroup;
			children = (
			);
			name = Frameworks;
			sourceTree = "<group>";
		};
		3319DB012F7CB886000A3BD3 = {
			isa = PBXGroup;
			children = (
				3319DB0C2F7CB886000A3BD3 /* Kuppiya */,
				3319DB1A2F7CB888000A3BD3 /* KuppiyaTests */,
				3319DB242F7CB888000A3BD3 /* KuppiyaUITests */,
				3307D9A32F8280B600ED213E /* Frameworks */,
				3319DB0B2F7CB886000A3BD3 /* Products */,
			);
			sourceTree = "<group>";
		};
		3319DB0B2F7CB886000A3BD3 /* Products */ = {
			isa = PBXGroup;
			children = (
				3319DB0A2F7CB886000A3BD3 /* Kuppiya.app */,
				3319DB172F7CB888000A3BD3 /* KuppiyaTests.xctest */,
				3319DB212F7CB888000A3BD3 /* KuppiyaUITests.xctest */,
			);
			name = Products;
			sourceTree = "<group>";
		};
/* End PBXGroup section */

/* Begin PBXNativeTarget section */
		3319DB092F7CB886000A3BD3 /* Kuppiya */ = {
			isa = PBXNativeTarget;
			buildConfigurationList = 3319DB2B2F7CB888000A3BD3 /* Build configuration list for PBXNativeTarget "Kuppiya" */;
			buildPhases = (
				3319DB062F7CB886000A3BD3 /* Sources */,
				3319DB072F7CB886000A3BD3 /* Frameworks */,
				3319DB082F7CB886000A3BD3 /* Resources */,
			);
			buildRules = (
			);
			dependencies = (
			);
			fileSystemSynchronizedGroups = (
				3319DB0C2F7CB886000A3BD3 /* Kuppiya */,
			);
			name = Kuppiya;
			packageProductDependencies = (
				3307D9A42F8280B600ED213E /* FirebaseAI */,
				3307D9A62F8280B600ED213E /* FirebaseAILogic */,
				3307D9A82F8280B600ED213E /* FirebaseAnalytics */,
				3307D9AA2F8280B600ED213E /* FirebaseAnalyticsCore */,
				3307D9AC2F8280B600ED213E /* FirebaseAnalyticsIdentitySupport */,
				3307D9B02F8280B600ED213E /* FirebaseAppDistribution-Beta */,
				3307D9B22F8280B600ED213E /* FirebaseAuth */,
				3307D9B42F8280B600ED213E /* FirebaseAuthCombine-Community */,
				3307D9B62F8280B600ED213E /* FirebaseCore */,
				3307D9B82F8280B600ED213E /* FirebaseCrashlytics */,
				3307D9BA2F8280B600ED213E /* FirebaseDatabase */,
				3307D9BC2F8280B600ED213E /* FirebaseFirestore */,
				3307D9BE2F8280B600ED213E /* FirebaseFirestoreCombine-Community */,
				3307D9C02F8280B600ED213E /* FirebaseFunctions */,
				3307D9C22F8280B600ED213E /* FirebaseFunctionsCombine-Community */,
				3307D9C42F8280B600ED213E /* FirebaseInAppMessaging-Beta */,
				3307D9C62F8280B600ED213E /* FirebaseInstallations */,
				3307D9C82F8280B600ED213E /* FirebaseMessaging */,
				3307D9CA2F8280B600ED213E /* FirebaseMLModelDownloader */,
				3307D9CC2F8280B600ED213E /* FirebasePerformance */,
				3307D9CE2F8280B600ED213E /* FirebaseRemoteConfig */,
				3307D9D02F8280B600ED213E /* FirebaseStorage */,
				3307D9D22F8280B600ED213E /* FirebaseStorageCombine-Community */,
				33AB9F862F9161CF000CE0F9 /* GoogleSignIn */,
				33AB9F882F9161CF000CE0F9 /* GoogleSignInSwift */,
			);
			productName = Kuppiya;
			productReference = 3319DB0A2F7CB886000A3BD3 /* Kuppiya.app */;
			productType = "com.apple.product-type.application";
		};
		3319DB162F7CB888000A3BD3 /* KuppiyaTests */ = {
			isa = PBXNativeTarget;
			buildConfigurationList = 3319DB2E2F7CB888000A3BD3 /* Build configuration list for PBXNativeTarget "KuppiyaTests" */;
			buildPhases = (
				3319DB132F7CB888000A3BD3 /* Sources */,
				3319DB142F7CB888000A3BD3 /* Frameworks */,
				3319DB152F7CB888000A3BD3 /* Resources */,
			);
			buildRules = (
			);
			dependencies = (
				3319DB192F7CB888000A3BD3 /* PBXTargetDependency */,
			);
			fileSystemSynchronizedGroups = (
				3319DB1A2F7CB888000A3BD3 /* KuppiyaTests */,
			);
			name = KuppiyaTests;
			packageProductDependencies = (
			);
			productName = KuppiyaTests;
			productReference = 3319DB172F7CB888000A3BD3 /* KuppiyaTests.xctest */;
			productType = "com.apple.product-type.bundle.unit-test";
		};
		3319DB202F7CB888000A3BD3 /* KuppiyaUITests */ = {
			isa = PBXNativeTarget;
			buildConfigurationList = 3319DB312F7CB888000A3BD3 /* Build configuration list for PBXNativeTarget "KuppiyaUITests" */;
			buildPhases = (
				3319DB1D2F7CB888000A3BD3 /* Sources */,
				3319DB1E2F7CB888000A3BD3 /* Frameworks */,
				3319DB1F2F7CB888000A3BD3 /* Resources */,
			);
			buildRules = (
			);
			dependencies = (
				3319DB232F7CB888000A3BD3 /* PBXTargetDependency */,
			);
			fileSystemSynchronizedGroups = (
				3319DB242F7CB888000A3BD3 /* KuppiyaUITests */,
			);
			name = KuppiyaUITests;
			packageProductDependencies = (
			);
			productName = KuppiyaUITests;
			productReference = 3319DB212F7CB888000A3BD3 /* KuppiyaUITests.xctest */;
			productType = "com.apple.product-type.bundle.ui-testing";
		};
/* End PBXNativeTarget section */

/* Begin PBXProject section */
		3319DB022F7CB886000A3BD3 /* Project object */ = {
			isa = PBXProject;
			attributes = {
				BuildIndependentTargetsInParallel = 1;
				LastSwiftUpdateCheck = 2620;
				LastUpgradeCheck = 2620;
				TargetAttributes = {
					3319DB092F7CB886000A3BD3 = {
						CreatedOnToolsVersion = 26.2;
					};
					3319DB162F7CB888000A3BD3 = {
						CreatedOnToolsVersion = 26.2;
						TestTargetID = 3319DB092F7CB886000A3BD3;
					};
					3319DB202F7CB888000A3BD3 = {
						CreatedOnToolsVersion = 26.2;
						TestTargetID = 3319DB092F7CB886000A3BD3;
					};
				};
			};
			buildConfigurationList = 3319DB052F7CB886000A3BD3 /* Build configuration list for PBXProject "Kuppiya" */;
			developmentRegion = en;
			hasScannedForEncodings = 0;
			knownRegions = (
				en,
				Base,
			);
			mainGroup = 3319DB012F7CB886000A3BD3;
			minimizedProjectReferenceProxies = 1;
			packageReferences = (
				3307D9A22F82709D00ED213E /* XCRemoteSwiftPackageReference "firebase-ios-sdk" */,
				33ED5BC62F90BF7A00453466 /* XCRemoteSwiftPackageReference "GoogleSignIn-iOS" */,
			);
			preferredProjectObjectVersion = 77;
			productRefGroup = 3319DB0B2F7CB886000A3BD3 /* Products */;
			projectDirPath = "";
			projectRoot = "";
			targets = (
				3319DB092F7CB886000A3BD3 /* Kuppiya */,
				3319DB162F7CB888000A3BD3 /* KuppiyaTests */,
				3319DB202F7CB888000A3BD3 /* KuppiyaUITests */,
			);
		};
/* End PBXProject section */

/* Begin PBXResourcesBuildPhase section */
		3319DB082F7CB886000A3BD3 /* Resources */ = {
			isa = PBXResourcesBuildPhase;
			buildActionMask = 2147483647;
			files = (
			);
			runOnlyForDeploymentPostprocessing = 0;
		};
		3319DB152F7CB888000A3BD3 /* Resources */ = {
			isa = PBXResourcesBuildPhase;
			buildActionMask = 2147483647;
			files = (
			);
			runOnlyForDeploymentPostprocessing = 0;
		};
		3319DB1F2F7CB888000A3BD3 /* Resources */ = {
			isa = PBXResourcesBuildPhase;
			buildActionMask = 2147483647;
			files = (
			);
			runOnlyForDeploymentPostprocessing = 0;
		};
/* End PBXResourcesBuildPhase section */

/* Begin PBXSourcesBuildPhase section */
		3319DB062F7CB886000A3BD3 /* Sources */ = {
			isa = PBXSourcesBuildPhase;
			buildActionMask = 2147483647;
			files = (
			);
			runOnlyForDeploymentPostprocessing = 0;
		};
		3319DB132F7CB888000A3BD3 /* Sources */ = {
			isa = PBXSourcesBuildPhase;
			buildActionMask = 2147483647;
			files = (
			);
			runOnlyForDeploymentPostprocessing = 0;
		};
		3319DB1D2F7CB888000A3BD3 /* Sources */ = {
			isa = PBXSourcesBuildPhase;
			buildActionMask = 2147483647;
			files = (
			);
			runOnlyForDeploymentPostprocessing = 0;
		};
/* End PBXSourcesBuildPhase section */

/* Begin PBXTargetDependency section */
		3319DB192F7CB888000A3BD3 /* PBXTargetDependency */ = {
			isa = PBXTargetDependency;
			target = 3319DB092F7CB886000A3BD3 /* Kuppiya */;
			targetProxy = 3319DB182F7CB888000A3BD3 /* PBXContainerItemProxy */;
		};
		3319DB232F7CB888000A3BD3 /* PBXTargetDependency */ = {
			isa = PBXTargetDependency;
			target = 3319DB092F7CB886000A3BD3 /* Kuppiya */;
			targetProxy = 3319DB222F7CB888000A3BD3 /* PBXContainerItemProxy */;
		};
/* End PBXTargetDependency section */

/* Begin XCBuildConfiguration section */
		3319DB292F7CB888000A3BD3 /* Debug */ = {
			isa = XCBuildConfiguration;
			buildSettings = {
				ALWAYS_SEARCH_USER_PATHS = NO;
				ASSETCATALOG_COMPILER_GENERATE_SWIFT_ASSET_SYMBOL_EXTENSIONS = YES;
				CLANG_ANALYZER_NONNULL = YES;
				CLANG_ANALYZER_NUMBER_OBJECT_CONVERSION = YES_AGGRESSIVE;
				CLANG_CXX_LANGUAGE_STANDARD = "gnu++20";
				CLANG_ENABLE_MODULES = YES;
				CLANG_ENABLE_OBJC_ARC = YES;
				CLANG_ENABLE_OBJC_WEAK = YES;
				CLANG_WARN_BLOCK_CAPTURE_AUTORELEASING = YES;
				CLANG_WARN_BOOL_CONVERSION = YES;
				CLANG_WARN_COMMA = YES;
				CLANG_WARN_CONSTANT_CONVERSION = YES;
				CLANG_WARN_DEPRECATED_OBJC_IMPLEMENTATIONS = YES;
				CLANG_WARN_DIRECT_OBJC_ISA_USAGE = YES_ERROR;
				CLANG_WARN_DOCUMENTATION_COMMENTS = YES;
				CLANG_WARN_EMPTY_BODY = YES;
				CLANG_WARN_ENUM_CONVERSION = YES;
				CLANG_WARN_INFINITE_RECURSION = YES;
				CLANG_WARN_INT_CONVERSION = YES;
				CLANG_WARN_NON_LITERAL_NULL_CONVERSION = YES;
				CLANG_WARN_OBJC_IMPLICIT_RETAIN_SELF = YES;
				CLANG_WARN_OBJC_LITERAL_CONVERSION = YES;
				CLANG_WARN_OBJC_ROOT_CLASS = YES_ERROR;
				CLANG_WARN_QUOTED_INCLUDE_IN_FRAMEWORK_HEADER = YES;
				CLANG_WARN_RANGE_LOOP_ANALYSIS = YES;
				CLANG_WARN_STRICT_PROTOTYPES = YES;
				CLANG_WARN_SUSPICIOUS_MOVE = YES;
				CLANG_WARN_UNGUARDED_AVAILABILITY = YES_AGGRESSIVE;
				CLANG_WARN_UNREACHABLE_CODE = YES;
				CLANG_WARN__DUPLICATE_METHOD_MATCH = YES;
				COPY_PHASE_STRIP = NO;
				DEBUG_INFORMATION_FORMAT = dwarf;
				ENABLE_STRICT_OBJC_MSGSEND = YES;
				ENABLE_TESTABILITY = YES;
				ENABLE_USER_SCRIPT_SANDBOXING = YES;
				GCC_C_LANGUAGE_STANDARD = gnu17;
				GCC_DYNAMIC_NO_PIC = NO;
				GCC_NO_COMMON_BLOCKS = YES;
				GCC_OPTIMIZATION_LEVEL = 0;
				GCC_PREPROCESSOR_DEFINITIONS = (
					"DEBUG=1",
					"$(inherited)",
				);
				GCC_WARN_64_TO_32_BIT_CONVERSION = YES;
				GCC_WARN_ABOUT_RETURN_TYPE = YES_ERROR;
				GCC_WARN_UNDECLARED_SELECTOR = YES;
				GCC_WARN_UNINITIALIZED_AUTOS = YES_AGGRESSIVE;
				GCC_WARN_UNUSED_FUNCTION = YES;
				GCC_WARN_UNUSED_VARIABLE = YES;
				IPHONEOS_DEPLOYMENT_TARGET = 26.2;
				LOCALIZATION_PREFERS_STRING_CATALOGS = YES;
				MTL_ENABLE_DEBUG_INFO = INCLUDE_SOURCE;
				MTL_FAST_MATH = YES;
				ONLY_ACTIVE_ARCH = YES;
				SDKROOT = iphoneos;
				SWIFT_ACTIVE_COMPILATION_CONDITIONS = "DEBUG $(inherited)";
				SWIFT_OPTIMIZATION_LEVEL = "-Onone";
			};
			name = Debug;
		};
		3319DB2A2F7CB888000A3BD3 /* Release */ = {
			isa = XCBuildConfiguration;
			buildSettings = {
				ALWAYS_SEARCH_USER_PATHS = NO;
				ASSETCATALOG_COMPILER_GENERATE_SWIFT_ASSET_SYMBOL_EXTENSIONS = YES;
				CLANG_ANALYZER_NONNULL = YES;
				CLANG_ANALYZER_NUMBER_OBJECT_CONVERSION = YES_AGGRESSIVE;
				CLANG_CXX_LANGUAGE_STANDARD = "gnu++20";
				CLANG_ENABLE_MODULES = YES;
				CLANG_ENABLE_OBJC_ARC = YES;
				CLANG_ENABLE_OBJC_WEAK = YES;
				CLANG_WARN_BLOCK_CAPTURE_AUTORELEASING = YES;
				CLANG_WARN_BOOL_CONVERSION = YES;
				CLANG_WARN_COMMA = YES;
				CLANG_WARN_CONSTANT_CONVERSION = YES;
				CLANG_WARN_DEPRECATED_OBJC_IMPLEMENTATIONS = YES;
				CLANG_WARN_DIRECT_OBJC_ISA_USAGE = YES_ERROR;
				CLANG_WARN_DOCUMENTATION_COMMENTS = YES;
				CLANG_WARN_EMPTY_BODY = YES;
				CLANG_WARN_ENUM_CONVERSION = YES;
				CLANG_WARN_INFINITE_RECURSION = YES;
				CLANG_WARN_INT_CONVERSION = YES;
				CLANG_WARN_NON_LITERAL_NULL_CONVERSION = YES;
				CLANG_WARN_OBJC_IMPLICIT_RETAIN_SELF = YES;
				CLANG_WARN_OBJC_LITERAL_CONVERSION = YES;
				CLANG_WARN_OBJC_ROOT_CLASS = YES_ERROR;
				CLANG_WARN_QUOTED_INCLUDE_IN_FRAMEWORK_HEADER = YES;
				CLANG_WARN_RANGE_LOOP_ANALYSIS = YES;
				CLANG_WARN_STRICT_PROTOTYPES = YES;
				CLANG_WARN_SUSPICIOUS_MOVE = YES;
				CLANG_WARN_UNGUARDED_AVAILABILITY = YES_AGGRESSIVE;
				CLANG_WARN_UNREACHABLE_CODE = YES;
				CLANG_WARN__DUPLICATE_METHOD_MATCH = YES;
				COPY_PHASE_STRIP = NO;
				DEBUG_INFORMATION_FORMAT = "dwarf-with-dsym";
				ENABLE_NS_ASSERTIONS = NO;
				ENABLE_STRICT_OBJC_MSGSEND = YES;
				ENABLE_USER_SCRIPT_SANDBOXING = YES;
				GCC_C_LANGUAGE_STANDARD = gnu17;
				GCC_NO_COMMON_BLOCKS = YES;
				GCC_WARN_64_TO_32_BIT_CONVERSION = YES;
				GCC_WARN_ABOUT_RETURN_TYPE = YES_ERROR;
				GCC_WARN_UNDECLARED_SELECTOR = YES;
				GCC_WARN_UNINITIALIZED_AUTOS = YES_AGGRESSIVE;
				GCC_WARN_UNUSED_FUNCTION = YES;
				GCC_WARN_UNUSED_VARIABLE = YES;
				IPHONEOS_DEPLOYMENT_TARGET = 26.2;
				LOCALIZATION_PREFERS_STRING_CATALOGS = YES;
				MTL_ENABLE_DEBUG_INFO = NO;
				MTL_FAST_MATH = YES;
				SDKROOT = iphoneos;
				SWIFT_COMPILATION_MODE = wholemodule;
				VALIDATE_PRODUCT = YES;
			};
			name = Release;
		};
		3319DB2C2F7CB888000A3BD3 /* Debug */ = {
			isa = XCBuildConfiguration;
			buildSettings = {
				ASSETCATALOG_COMPILER_APPICON_NAME = AppIcon;
				ASSETCATALOG_COMPILER_GLOBAL_ACCENT_COLOR_NAME = AccentColor;
				CODE_SIGN_STYLE = Automatic;
				CURRENT_PROJECT_VERSION = 1;
				DEVELOPMENT_TEAM = ALSD76WV2B;
				ENABLE_PREVIEWS = YES;
				GENERATE_INFOPLIST_FILE = YES;
				INFOPLIST_FILE = Kuppiya/Info.plist;
				INFOPLIST_KEY_NSLocationAlwaysUsageDescription = "We need your location to set the meeting place for physical sessions.";
				INFOPLIST_KEY_NSLocationWhenInUseUsageDescription = "We need your location to set the meeting place for physical sessions.";
				INFOPLIST_KEY_UIApplicationSceneManifest_Generation = YES;
				INFOPLIST_KEY_UIApplicationSupportsIndirectInputEvents = YES;
				INFOPLIST_KEY_UILaunchScreen_Generation = YES;
				INFOPLIST_KEY_UISupportedInterfaceOrientations_iPad = "UIInterfaceOrientationPortrait UIInterfaceOrientationPortraitUpsideDown UIInterfaceOrientationLandscapeLeft UIInterfaceOrientationLandscapeRight";
				INFOPLIST_KEY_UISupportedInterfaceOrientations_iPhone = "UIInterfaceOrientationPortrait UIInterfaceOrientationLandscapeLeft UIInterfaceOrientationLandscapeRight";
				LD_RUNPATH_SEARCH_PATHS = (
					"$(inherited)",
					"@executable_path/Frameworks",
				);
				MARKETING_VERSION = 1.0;
				PRODUCT_BUNDLE_IDENTIFIER = com.umandi.Kuppiya;
				PRODUCT_NAME = "$(TARGET_NAME)";
				STRING_CATALOG_GENERATE_SYMBOLS = YES;
				SWIFT_APPROACHABLE_CONCURRENCY = YES;
				SWIFT_DEFAULT_ACTOR_ISOLATION = MainActor;
				SWIFT_EMIT_LOC_STRINGS = YES;
				SWIFT_UPCOMING_FEATURE_MEMBER_IMPORT_VISIBILITY = YES;
				SWIFT_VERSION = 5.0;
				TARGETED_DEVICE_FAMILY = "1,2";
			};
			name = Debug;
		};
		3319DB2D2F7CB888000A3BD3 /* Release */ = {
			isa = XCBuildConfiguration;
			buildSettings = {
				ASSETCATALOG_COMPILER_APPICON_NAME = AppIcon;
				ASSETCATALOG_COMPILER_GLOBAL_ACCENT_COLOR_NAME = AccentColor;
				CODE_SIGN_STYLE = Automatic;
				CURRENT_PROJECT_VERSION = 1;
				DEVELOPMENT_TEAM = ALSD76WV2B;
				ENABLE_PREVIEWS = YES;
				GENERATE_INFOPLIST_FILE = YES;
				INFOPLIST_FILE = Kuppiya/Info.plist;
				INFOPLIST_KEY_NSLocationAlwaysUsageDescription = "We need your location to set the meeting place for physical sessions.";
				INFOPLIST_KEY_NSLocationWhenInUseUsageDescription = "We need your location to set the meeting place for physical sessions.";
				INFOPLIST_KEY_UIApplicationSceneManifest_Generation = YES;
				INFOPLIST_KEY_UIApplicationSupportsIndirectInputEvents = YES;
				INFOPLIST_KEY_UILaunchScreen_Generation = YES;
				INFOPLIST_KEY_UISupportedInterfaceOrientations_iPad = "UIInterfaceOrientationPortrait UIInterfaceOrientationPortraitUpsideDown UIInterfaceOrientationLandscapeLeft UIInterfaceOrientationLandscapeRight";
				INFOPLIST_KEY_UISupportedInterfaceOrientations_iPhone = "UIInterfaceOrientationPortrait UIInterfaceOrientationLandscapeLeft UIInterfaceOrientationLandscapeRight";
				LD_RUNPATH_SEARCH_PATHS = (
					"$(inherited)",
					"@executable_path/Frameworks",
				);
				MARKETING_VERSION = 1.0;
				PRODUCT_BUNDLE_IDENTIFIER = com.umandi.Kuppiya;
				PRODUCT_NAME = "$(TARGET_NAME)";
				STRING_CATALOG_GENERATE_SYMBOLS = YES;
				SWIFT_APPROACHABLE_CONCURRENCY = YES;
				SWIFT_DEFAULT_ACTOR_ISOLATION = MainActor;
				SWIFT_EMIT_LOC_STRINGS = YES;
				SWIFT_UPCOMING_FEATURE_MEMBER_IMPORT_VISIBILITY = YES;
				SWIFT_VERSION = 5.0;
				TARGETED_DEVICE_FAMILY = "1,2";
			};
			name = Release;
		};
		3319DB2F2F7CB888000A3BD3 /* Debug */ = {
			isa = XCBuildConfiguration;
			buildSettings = {
				BUNDLE_LOADER = "$(TEST_HOST)";
				CODE_SIGN_STYLE = Automatic;
				CURRENT_PROJECT_VERSION = 1;
				GENERATE_INFOPLIST_FILE = YES;
				IPHONEOS_DEPLOYMENT_TARGET = 26.2;
				MARKETING_VERSION = 1.0;
				PRODUCT_BUNDLE_IDENTIFIER = com.umandi.KuppiyaTests;
				PRODUCT_NAME = "$(TARGET_NAME)";
				STRING_CATALOG_GENERATE_SYMBOLS = NO;
				SWIFT_APPROACHABLE_CONCURRENCY = YES;
				SWIFT_EMIT_LOC_STRINGS = NO;
				SWIFT_UPCOMING_FEATURE_MEMBER_IMPORT_VISIBILITY = YES;
				SWIFT_VERSION = 5.0;
				TARGETED_DEVICE_FAMILY = "1,2";
				TEST_HOST = "$(BUILT_PRODUCTS_DIR)/Kuppiya.app/$(BUNDLE_EXECUTABLE_FOLDER_PATH)/Kuppiya";
			};
			name = Debug;
		};
		3319DB302F7CB888000A3BD3 /* Release */ = {
			isa = XCBuildConfiguration;
			buildSettings = {
				BUNDLE_LOADER = "$(TEST_HOST)";
				CODE_SIGN_STYLE = Automatic;
				CURRENT_PROJECT_VERSION = 1;
				GENERATE_INFOPLIST_FILE = YES;
				IPHONEOS_DEPLOYMENT_TARGET = 26.2;
				MARKETING_VERSION = 1.0;
				PRODUCT_BUNDLE_IDENTIFIER = com.umandi.KuppiyaTests;
				PRODUCT_NAME = "$(TARGET_NAME)";
				STRING_CATALOG_GENERATE_SYMBOLS = NO;
				SWIFT_APPROACHABLE_CONCURRENCY = YES;
				SWIFT_EMIT_LOC_STRINGS = NO;
				SWIFT_UPCOMING_FEATURE_MEMBER_IMPORT_VISIBILITY = YES;
				SWIFT_VERSION = 5.0;
				TARGETED_DEVICE_FAMILY = "1,2";
				TEST_HOST = "$(BUILT_PRODUCTS_DIR)/Kuppiya.app/$(BUNDLE_EXECUTABLE_FOLDER_PATH)/Kuppiya";
			};
			name = Release;
		};
		3319DB322F7CB888000A3BD3 /* Debug */ = {
			isa = XCBuildConfiguration;
			buildSettings = {
				CODE_SIGN_STYLE = Automatic;
				CURRENT_PROJECT_VERSION = 1;
				GENERATE_INFOPLIST_FILE = YES;
				MARKETING_VERSION = 1.0;
				PRODUCT_BUNDLE_IDENTIFIER = com.umandi.KuppiyaUITests;
				PRODUCT_NAME = "$(TARGET_NAME)";
				STRING_CATALOG_GENERATE_SYMBOLS = NO;
				SWIFT_APPROACHABLE_CONCURRENCY = YES;
				SWIFT_EMIT_LOC_STRINGS = NO;
				SWIFT_UPCOMING_FEATURE_MEMBER_IMPORT_VISIBILITY = YES;
				SWIFT_VERSION = 5.0;
				TARGETED_DEVICE_FAMILY = "1,2";
				TEST_TARGET_NAME = Kuppiya;
			};
			name = Debug;
		};
		3319DB332F7CB888000A3BD3 /* Release */ = {
			isa = XCBuildConfiguration;
			buildSettings = {
				CODE_SIGN_STYLE = Automatic;
				CURRENT_PROJECT_VERSION = 1;
				GENERATE_INFOPLIST_FILE = YES;
				MARKETING_VERSION = 1.0;
				PRODUCT_BUNDLE_IDENTIFIER = com.umandi.KuppiyaUITests;
				PRODUCT_NAME = "$(TARGET_NAME)";
				STRING_CATALOG_GENERATE_SYMBOLS = NO;
				SWIFT_APPROACHABLE_CONCURRENCY = YES;
				SWIFT_EMIT_LOC_STRINGS = NO;
				SWIFT_UPCOMING_FEATURE_MEMBER_IMPORT_VISIBILITY = YES;
				SWIFT_VERSION = 5.0;
				TARGETED_DEVICE_FAMILY = "1,2";
				TEST_TARGET_NAME = Kuppiya;
			};
			name = Release;
		};
/* End XCBuildConfiguration section */

/* Begin XCConfigurationList section */
		3319DB052F7CB886000A3BD3 /* Build configuration list for PBXProject "Kuppiya" */ = {
			isa = XCConfigurationList;
			buildConfigurations = (
				3319DB292F7CB888000A3BD3 /* Debug */,
				3319DB2A2F7CB888000A3BD3 /* Release */,
			);
			defaultConfigurationIsVisible = 0;
			defaultConfigurationName = Release;
		};
		3319DB2B2F7CB888000A3BD3 /* Build configuration list for PBXNativeTarget "Kuppiya" */ = {
			isa = XCConfigurationList;
			buildConfigurations = (
				3319DB2C2F7CB888000A3BD3 /* Debug */,
				3319DB2D2F7CB888000A3BD3 /* Release */,
			);
			defaultConfigurationIsVisible = 0;
			defaultConfigurationName = Release;
		};
		3319DB2E2F7CB888000A3BD3 /* Build configuration list for PBXNativeTarget "KuppiyaTests" */ = {
			isa = XCConfigurationList;
			buildConfigurations = (
				3319DB2F2F7CB888000A3BD3 /* Debug */,
				3319DB302F7CB888000A3BD3 /* Release */,
			);
			defaultConfigurationIsVisible = 0;
			defaultConfigurationName = Release;
		};
		3319DB312F7CB888000A3BD3 /* Build configuration list for PBXNativeTarget "KuppiyaUITests" */ = {
			isa = XCConfigurationList;
			buildConfigurations = (
				3319DB322F7CB888000A3BD3 /* Debug */,
				3319DB332F7CB888000A3BD3 /* Release */,
			);
			defaultConfigurationIsVisible = 0;
			defaultConfigurationName = Release;
		};
/* End XCConfigurationList section */

/* Begin XCRemoteSwiftPackageReference section */
		3307D9A22F82709D00ED213E /* XCRemoteSwiftPackageReference "firebase-ios-sdk" */ = {
			isa = XCRemoteSwiftPackageReference;
			repositoryURL = "https://github.com/firebase/firebase-ios-sdk";
			requirement = {
				kind = exactVersion;
				version = 12.11.0;
			};
		};
		33ED5BC62F90BF7A00453466 /* XCRemoteSwiftPackageReference "GoogleSignIn-iOS" */ = {
			isa = XCRemoteSwiftPackageReference;
			repositoryURL = "https://github.com/google/GoogleSignIn-iOS";
			requirement = {
				kind = upToNextMajorVersion;
				minimumVersion = 9.1.0;
			};
		};
/* End XCRemoteSwiftPackageReference section */

/* Begin XCSwiftPackageProductDependency section */
		3307D9A42F8280B600ED213E /* FirebaseAI */ = {
			isa = XCSwiftPackageProductDependency;
			package = 3307D9A22F82709D00ED213E /* XCRemoteSwiftPackageReference "firebase-ios-sdk" */;
			productName = FirebaseAI;
		};
		3307D9A62F8280B600ED213E /* FirebaseAILogic */ = {
			isa = XCSwiftPackageProductDependency;
			package = 3307D9A22F82709D00ED213E /* XCRemoteSwiftPackageReference "firebase-ios-sdk" */;
			productName = FirebaseAILogic;
		};
		3307D9A82F8280B600ED213E /* FirebaseAnalytics */ = {
			isa = XCSwiftPackageProductDependency;
			package = 3307D9A22F82709D00ED213E /* XCRemoteSwiftPackageReference "firebase-ios-sdk" */;
			productName = FirebaseAnalytics;
		};
		3307D9AA2F8280B600ED213E /* FirebaseAnalyticsCore */ = {
			isa = XCSwiftPackageProductDependency;
			package = 3307D9A22F82709D00ED213E /* XCRemoteSwiftPackageReference "firebase-ios-sdk" */;
			productName = FirebaseAnalyticsCore;
		};
		3307D9AC2F8280B600ED213E /* FirebaseAnalyticsIdentitySupport */ = {
			isa = XCSwiftPackageProductDependency;
			package = 3307D9A22F82709D00ED213E /* XCRemoteSwiftPackageReference "firebase-ios-sdk" */;
			productName = FirebaseAnalyticsIdentitySupport;
		};
		3307D9B02F8280B600ED213E /* FirebaseAppDistribution-Beta */ = {
			isa = XCSwiftPackageProductDependency;
			package = 3307D9A22F82709D00ED213E /* XCRemoteSwiftPackageReference "firebase-ios-sdk" */;
			productName = "FirebaseAppDistribution-Beta";
		};
		3307D9B22F8280B600ED213E /* FirebaseAuth */ = {
			isa = XCSwiftPackageProductDependency;
			package = 3307D9A22F82709D00ED213E /* XCRemoteSwiftPackageReference "firebase-ios-sdk" */;
			productName = FirebaseAuth;
		};
		3307D9B42F8280B600ED213E /* FirebaseAuthCombine-Community */ = {
			isa = XCSwiftPackageProductDependency;
			package = 3307D9A22F82709D00ED213E /* XCRemoteSwiftPackageReference "firebase-ios-sdk" */;
			productName = "FirebaseAuthCombine-Community";
		};
		3307D9B62F8280B600ED213E /* FirebaseCore */ = {
			isa = XCSwiftPackageProductDependency;
			package = 3307D9A22F82709D00ED213E /* XCRemoteSwiftPackageReference "firebase-ios-sdk" */;
			productName = FirebaseCore;
		};
		3307D9B82F8280B600ED213E /* FirebaseCrashlytics */ = {
			isa = XCSwiftPackageProductDependency;
			package = 3307D9A22F82709D00ED213E /* XCRemoteSwiftPackageReference "firebase-ios-sdk" */;
			productName = FirebaseCrashlytics;
		};
		3307D9BA2F8280B600ED213E /* FirebaseDatabase */ = {
			isa = XCSwiftPackageProductDependency;
			package = 3307D9A22F82709D00ED213E /* XCRemoteSwiftPackageReference "firebase-ios-sdk" */;
			productName = FirebaseDatabase;
		};
		3307D9BC2F8280B600ED213E /* FirebaseFirestore */ = {
			isa = XCSwiftPackageProductDependency;
			package = 3307D9A22F82709D00ED213E /* XCRemoteSwiftPackageReference "firebase-ios-sdk" */;
			productName = FirebaseFirestore;
		};
		3307D9BE2F8280B600ED213E /* FirebaseFirestoreCombine-Community */ = {
			isa = XCSwiftPackageProductDependency;
			package = 3307D9A22F82709D00ED213E /* XCRemoteSwiftPackageReference "firebase-ios-sdk" */;
			productName = "FirebaseFirestoreCombine-Community";
		};
		3307D9C02F8280B600ED213E /* FirebaseFunctions */ = {
			isa = XCSwiftPackageProductDependency;
			package = 3307D9A22F82709D00ED213E /* XCRemoteSwiftPackageReference "firebase-ios-sdk" */;
			productName = FirebaseFunctions;
		};
		3307D9C22F8280B600ED213E /* FirebaseFunctionsCombine-Community */ = {
			isa = XCSwiftPackageProductDependency;
			package = 3307D9A22F82709D00ED213E /* XCRemoteSwiftPackageReference "firebase-ios-sdk" */;
			productName = "FirebaseFunctionsCombine-Community";
		};
		3307D9C42F8280B600ED213E /* FirebaseInAppMessaging-Beta */ = {
			isa = XCSwiftPackageProductDependency;
			package = 3307D9A22F82709D00ED213E /* XCRemoteSwiftPackageReference "firebase-ios-sdk" */;
			productName = "FirebaseInAppMessaging-Beta";
		};
		3307D9C62F8280B600ED213E /* FirebaseInstallations */ = {
			isa = XCSwiftPackageProductDependency;
			package = 3307D9A22F82709D00ED213E /* XCRemoteSwiftPackageReference "firebase-ios-sdk" */;
			productName = FirebaseInstallations;
		};
		3307D9C82F8280B600ED213E /* FirebaseMessaging */ = {
			isa = XCSwiftPackageProductDependency;
			package = 3307D9A22F82709D00ED213E /* XCRemoteSwiftPackageReference "firebase-ios-sdk" */;
			productName = FirebaseMessaging;
		};
		3307D9CA2F8280B600ED213E /* FirebaseMLModelDownloader */ = {
			isa = XCSwiftPackageProductDependency;
			package = 3307D9A22F82709D00ED213E /* XCRemoteSwiftPackageReference "firebase-ios-sdk" */;
			productName = FirebaseMLModelDownloader;
		};
		3307D9CC2F8280B600ED213E /* FirebasePerformance */ = {
			isa = XCSwiftPackageProductDependency;
			package = 3307D9A22F82709D00ED213E /* XCRemoteSwiftPackageReference "firebase-ios-sdk" */;
			productName = FirebasePerformance;
		};
		3307D9CE2F8280B600ED213E /* FirebaseRemoteConfig */ = {
			isa = XCSwiftPackageProductDependency;
			package = 3307D9A22F82709D00ED213E /* XCRemoteSwiftPackageReference "firebase-ios-sdk" */;
			productName = FirebaseRemoteConfig;
		};
		3307D9D02F8280B600ED213E /* FirebaseStorage */ = {
			isa = XCSwiftPackageProductDependency;
			package = 3307D9A22F82709D00ED213E /* XCRemoteSwiftPackageReference "firebase-ios-sdk" */;
			productName = FirebaseStorage;
		};
		3307D9D22F8280B600ED213E /* FirebaseStorageCombine-Community */ = {
			isa = XCSwiftPackageProductDependency;
			package = 3307D9A22F82709D00ED213E /* XCRemoteSwiftPackageReference "firebase-ios-sdk" */;
			productName = "FirebaseStorageCombine-Community";
		};
		33AB9F862F9161CF000CE0F9 /* GoogleSignIn */ = {
			isa = XCSwiftPackageProductDependency;
			package = 33ED5BC62F90BF7A00453466 /* XCRemoteSwiftPackageReference "GoogleSignIn-iOS" */;
			productName = GoogleSignIn;
		};
		33AB9F882F9161CF000CE0F9 /* GoogleSignInSwift */ = {
			isa = XCSwiftPackageProductDependency;
			package = 33ED5BC62F90BF7A00453466 /* XCRemoteSwiftPackageReference "GoogleSignIn-iOS" */;
			productName = GoogleSignInSwift;
		};
/* End XCSwiftPackageProductDependency section */
	};
	rootObject = 3319DB022F7CB886000A3BD3 /* Project object */;
}
